
Microsoft Visual Studio Solution File, Format Version 12.00
# Visual Studio Version 17
VisualStudioVersion = 17.0.32014.148
MinimumVisualStudioVersion = 10.0.40219.1
Project("{FAE04EC0-301F-11D3-BF4B-00C04F79EFBC}") = "超声轮对探伤数据采集系统(佳木斯)", "超声轮对探伤数据采集系统(佳木斯)\超声轮对探伤数据采集系统(佳木斯).csproj", "{A17CD496-2C2E-458B-B577-F98DF5EF7AEF}"
EndProject
Global
	GlobalSection(SolutionConfigurationPlatforms) = preSolution
		Debug|Any CPU = Debug|Any CPU
		Debug|x64 = Debug|x64
		Release|Any CPU = Release|Any CPU
		Release|x64 = Release|x64
	EndGlobalSection
	GlobalSection(ProjectConfigurationPlatforms) = postSolution
		{A17CD496-2C2E-458B-B577-F98DF5EF7AEF}.Debug|Any CPU.ActiveCfg = Debug|Any CPU
		{A17CD496-2C2E-458B-B577-F98DF5EF7AEF}.Debug|Any CPU.Build.0 = Debug|Any CPU
		{A17CD496-2C2E-458B-B577-F98DF5EF7AEF}.Debug|x64.ActiveCfg = Debug|x64
		{A17CD496-2C2E-458B-B577-F98DF5EF7AEF}.Debug|x64.Build.0 = Debug|x64
		{A17CD496-2C2E-458B-B577-F98DF5EF7AEF}.Release|Any CPU.ActiveCfg = Release|Any CPU
		{A17CD496-2C2E-458B-B577-F98DF5EF7AEF}.Release|Any CPU.Build.0 = Release|Any CPU
		{A17CD496-2C2E-458B-B577-F98DF5EF7AEF}.Release|x64.ActiveCfg = Release|x64
		{A17CD496-2C2E-458B-B577-F98DF5EF7AEF}.Release|x64.Build.0 = Release|x64
	EndGlobalSection
	GlobalSection(SolutionProperties) = preSolution
		HideSolutionNode = FALSE
	EndGlobalSection
	GlobalSection(ExtensibilityGlobals) = postSolution
		SolutionGuid = {2354607F-5409-45E8-920B-38E6F577425A}
	EndGlobalSection
EndGlobal
